
Microsoft Visual Studio Solution File, Format Version 12.00
# Visual Studio Version 17
VisualStudioVersion = 17.6.33829.357
MinimumVisualStudioVersion = 10.0.40219.1
Project("{FAE04EC0-301F-11D3-BF4B-00C04F79EFBC}") = "ThuChiGiadinh", "ThuChiGiadinh\ThuChiGiadinh.csproj", "{F439FF27-D2C0-409F-ABBF-D7C9A001813C}"
EndProject
Global
	GlobalSection(SolutionConfigurationPlatforms) = preSolution
		Debug|Any CPU = Debug|Any CPU
		Release|Any CPU = Release|Any CPU
	EndGlobalSection
	GlobalSection(ProjectConfigurationPlatforms) = postSolution
		{F439FF27-D2C0-409F-ABBF-D7C9A001813C}.Debug|Any CPU.ActiveCfg = Debug|Any CPU
		{F439FF27-D2C0-409F-ABBF-D7C9A001813C}.Debug|Any CPU.Build.0 = Debug|Any CPU
		{F439FF27-D2C0-409F-ABBF-D7C9A001813C}.Release|Any CPU.ActiveCfg = Release|Any CPU
		{F439FF27-D2C0-409F-ABBF-D7C9A001813C}.Release|Any CPU.Build.0 = Release|Any CPU
	EndGlobalSection
	GlobalSection(SolutionProperties) = preSolution
		HideSolutionNode = FALSE
	EndGlobalSection
	GlobalSection(ExtensibilityGlobals) = postSolution
		SolutionGuid = {94D37C27-F457-42AB-95C7-187905D7E2D6}
	EndGlobalSection
EndGlobal
